PODS:
  - Capacitor (5.1.0):
    - CapacitorCordova
  - CapacitorApp (5.0.5):
    - Capacitor
  - CapacitorCommunityBluetoothLe (3.0.0):
    - Capacitor
  - CapacitorCommunityKeepAwake (4.0.0):
    - Capacitor
  - CapacitorCordova (5.1.0)
  - CapacitorGeolocation (5.0.5):
    - Capacitor
  - CapacitorHaptics (5.0.5):
    - Capacitor
  - CapacitorKeyboard (5.0.5):
    - Capacitor
  - CapacitorScreenOrientation (5.0.5):
    - Capacitor
  - CapacitorStatusBar (5.0.5):
    - Capacitor
  - CordovaPlugins (5.1.0):
    - CapacitorCordova

DEPENDENCIES:
  - "Capacitor (from `../../node_modules/@capacitor/ios`)"
  - "CapacitorApp (from `../../node_modules/@capacitor/app`)"
  - "CapacitorCommunityBluetoothLe (from `../../node_modules/@capacitor-community/bluetooth-le`)"
  - "CapacitorCommunityKeepAwake (from `../../node_modules/@capacitor-community/keep-awake`)"
  - "CapacitorCordova (from `../../node_modules/@capacitor/ios`)"
  - "CapacitorGeolocation (from `../../node_modules/@capacitor/geolocation`)"
  - "CapacitorHaptics (from `../../node_modules/@capacitor/haptics`)"
  - "CapacitorKeyboard (from `../../node_modules/@capacitor/keyboard`)"
  - "CapacitorScreenOrientation (from `../../node_modules/@capacitor/screen-orientation`)"
  - "CapacitorStatusBar (from `../../node_modules/@capacitor/status-bar`)"
  - CordovaPlugins (from `../capacitor-cordova-ios-plugins`)

EXTERNAL SOURCES:
  Capacitor:
    :path: "../../node_modules/@capacitor/ios"
  CapacitorApp:
    :path: "../../node_modules/@capacitor/app"
  CapacitorCommunityBluetoothLe:
    :path: "../../node_modules/@capacitor-community/bluetooth-le"
  CapacitorCommunityKeepAwake:
    :path: "../../node_modules/@capacitor-community/keep-awake"
  CapacitorCordova:
    :path: "../../node_modules/@capacitor/ios"
  CapacitorGeolocation:
    :path: "../../node_modules/@capacitor/geolocation"
  CapacitorHaptics:
    :path: "../../node_modules/@capacitor/haptics"
  CapacitorKeyboard:
    :path: "../../node_modules/@capacitor/keyboard"
  CapacitorScreenOrientation:
    :path: "../../node_modules/@capacitor/screen-orientation"
  CapacitorStatusBar:
    :path: "../../node_modules/@capacitor/status-bar"
  CordovaPlugins:
    :path: "../capacitor-cordova-ios-plugins"

SPEC CHECKSUMS:
  Capacitor: 8dc4a61c44f6644fe4e0b61ad01ff175f9b538e5
  CapacitorApp: ca063526f23b17b5cc907311245674ac533ea075
  CapacitorCommunityBluetoothLe: 3a96b60b90df83420df5ebf108b50c2153195609
  CapacitorCommunityKeepAwake: 5127ac2043946ccc83a3716b3961152b94ad37f9
  CapacitorCordova: 5984fa700842461518ecd320905c7f19ecdd590b
  CapacitorGeolocation: 19e49e27762a220972631cce2c058f4cf38df157
  CapacitorHaptics: c73e85b86f4946d97cc5dd325b1dcde5f8ee27b2
  CapacitorKeyboard: cffb587ba4dbed7033ecda6c81c9682194b8a5d8
  CapacitorScreenOrientation: 33e189f765be82e76847256d058672d1dfec019c
  CapacitorStatusBar: d2c9ef614e9964e968ff3ef923566c8beeaeb907
  CordovaPlugins: 0daa6118eb4fd9b91cf69394bdf31a372a953aac

PODFILE CHECKSUM: d5a332ba1b1b6c2936fc2582d9ec2cef7668b453

COCOAPODS: 1.14.3
